%{"certifi": {:hex, :certifi, "0.3.0", "389d4b126a47895fe96d65fcf8681f4d09eca1153dc2243ed6babad0aac1e763", [:rebar3], []},
  "combine": {:hex, :combine, "0.7.0", "2ac6ae852a9835fe8189af18121cddd5bed2677f5df706dc0d208af668ab845d", [:mix], []},
  "comeonin": {:hex, :comeonin, "1.6.0", "65d3217bf171feb2600ac639089d1316c5438407a30dfbe9f465d75500db2171", [:mix, :make, :make], [{:comeonin_i18n, "~> 0.1", [hex: :comeonin_i18n, optional: true]}]},
  "cowboy": {:hex, :cowboy, "1.0.4", "a324a8df9f2316c833a470d918aaf73ae894278b8aa6226ce7a9bf699388f878", [:rebar, :make], [{:cowlib, "~> 1.0.0", [hex: :cowlib, optional: false]}, {:ranch, "~> 1.0", [hex: :ranch, optional: false]}]},
  "cowlib": {:hex, :cowlib, "1.0.2", "9d769a1d062c9c3ac753096f868ca121e2730b9a377de23dec0f7e08b1df84ee", [:make], []},
  "earmark": {:hex, :earmark, "0.1.19", "ffec54f520a11b711532c23d8a52b75a74c09697062d10613fa2dbdf8a9db36e", [:mix], []},
  "exrethinkdb": {:git, "https://github.com/hamiltop/exrethinkdb.git", "55fb5b5ed892f28b7ae8ee1b2f8e54fb651bd611", [ref: "55fb5b5ed892f28b7ae8ee1b2f8e54fb651bd611"]},
  "fs": {:hex, :fs, "0.9.2", "ed17036c26c3f70ac49781ed9220a50c36775c6ca2cf8182d123b6566e49ec59", [:rebar], []},
  "hackney": {:hex, :hackney, "1.4.8", "c8c6977ed55cc5095e3929f6d94a6f732dd2e31ae42a7b9236d5574ec3f5be13", [:rebar3], [{:ssl_verify_hostname, "1.0.5", [hex: :ssl_verify_hostname, optional: false]}, {:mimerl, "1.0.2", [hex: :mimerl, optional: false]}, {:idna, "1.0.3", [hex: :idna, optional: false]}, {:certifi, "0.3.0", [hex: :certifi, optional: false]}]},
  "idna": {:hex, :idna, "1.0.3", "d456a8761cad91c97e9788c27002eb3b773adaf5c893275fc35ba4e3434bbd9b", [:rebar3], []},
  "mimerl": {:hex, :mimerl, "1.0.2", "993f9b0e084083405ed8252b99460c4f0563e41729ab42d9074fd5e52439be88", [:rebar3], []},
  "phoenix": {:hex, :phoenix, "1.0.3", "9b77bebc6166e3a36e94afa851b8a62b8306800ec3a8fc7a68b9c209eeda245c", [:mix], [{:poison, "~> 1.3", [hex: :poison, optional: false]}, {:plug, "~> 1.0", [hex: :plug, optional: false]}, {:cowboy, "~> 1.0", [hex: :cowboy, optional: true]}]},
  "phoenix_html": {:hex, :phoenix_html, "2.2.0", "fbd2a9d012377c199beecbb7442f213ab3b7a05030d8a0909b1981f19b139209", [:mix], [{:plug, "~> 0.13 or ~> 1.0", [hex: :plug, optional: false]}]},
  "phoenix_live_reload": {:hex, :phoenix_live_reload, "1.0.1", "5ee31224971f360de89d886c6b0c826092939988d99cb66142cb6758473b567c", [:mix], [{:phoenix, "~> 0.16 or ~> 1.0", [hex: :phoenix, optional: false]}, {:fs, "~> 0.9.1", [hex: :fs, optional: false]}]},
  "plug": {:hex, :plug, "1.0.2", "cc341ac229c88fc6b04d1771f62f675640f24cea97a6313a49ffcaa8236e949e", [:mix], [{:cowboy, "~> 1.0", [hex: :cowboy, optional: true]}]},
  "poison": {:hex, :poison, "1.4.0", "cd5afb9db7f0d19487572fa28185b6d4de647f14235746824e77b3139b79b725", [:mix], []},
  "ranch": {:hex, :ranch, "1.2.0", "b286a948a0706a700a9f577e5cecbb2dc66097ea79f3ddb20ba5536069bdb7aa", [:make], []},
  "rss": {:hex, :rss, "0.2.1", "034f2fe5250a490862e692eb34a31bb5c142913c2fe0fb093e1fd982f010e15d", [:mix], []},
  "ssl_verify_hostname": {:hex, :ssl_verify_hostname, "1.0.5", "2e73e068cd6393526f9fa6d399353d7c9477d6886ba005f323b592d389fb47be", [:make], []},
  "timex": {:hex, :timex, "0.19.5", "506ba0f20d71700366e281cbc2b67b74b15924422317c2b70f4bc20db155acd7", [:mix], [{:tzdata, "~> 0.5.2", [hex: :tzdata, optional: false]}, {:combine, "~> 0.5", [hex: :combine, optional: false]}]},
  "tzdata": {:hex, :tzdata, "0.5.6", "d44c59175b8e9a170b3b17d6933820de98a3f0932f3a0615d884b8c20e93a87a", [:mix], [{:hackney, "~> 1.0", [hex: :hackney, optional: false]}]}}
